
Microsoft Visual Studio Solution File, Format Version 12.00
# Visual Studio Version 16
VisualStudioVersion = 16.0.31515.178
MinimumVisualStudioVersion = 10.0.40219.1
Project("{8BC9CEB8-8B4A-11D0-8D11-00A0C91BC942}") = "TestApp", "TestApp\TestApp.vcxproj", "{8655D639-F234-55D5-FB4C-E0AB67ABBB36}"
	ProjectSection(ProjectDependencies) = postProject
		{6E1D9EA9-DA87-5220-23C6-03C68F6F3075} = {6E1D9EA9-DA87-5220-23C6-03C68F6F3075}
		{83B5827C-6FEC-830D-18D9-691004EFFF0E} = {83B5827C-6FEC-830D-18D9-691004EFFF0E}
		{D992648D-4548-DD82-CE3C-D7593AF1D386} = {D992648D-4548-DD82-CE3C-D7593AF1D386}
	EndProjectSection
EndProject
Project("{8BC9CEB8-8B4A-11D0-8D11-00A0C91BC942}") = "AgentSystem", "AgentSystem\AgentSystem.vcxproj", "{D992648D-4548-DD82-CE3C-D7593AF1D386}"
	ProjectSection(ProjectDependencies) = postProject
		{83B5827C-6FEC-830D-18D9-691004EFFF0E} = {83B5827C-6FEC-830D-18D9-691004EFFF0E}
		{6E1D9EA9-DA87-5220-23C6-03C68F6F3075} = {6E1D9EA9-DA87-5220-23C6-03C68F6F3075}
	EndProjectSection
EndProject
Project("{8BC9CEB8-8B4A-11D0-8D11-00A0C91BC942}") = "Aux0", "Aux0\Aux0.vcxproj", "{83B5827C-6FEC-830D-18D9-691004EFFF0E}"
EndProject
Project("{8BC9CEB8-8B4A-11D0-8D11-00A0C91BC942}") = "CommLayer", "CommLayer\CommLayer.vcxproj", "{6E1D9EA9-DA87-5220-23C6-03C68F6F3075}"
	ProjectSection(ProjectDependencies) = postProject
		{83B5827C-6FEC-830D-18D9-691004EFFF0E} = {83B5827C-6FEC-830D-18D9-691004EFFF0E}
	EndProjectSection
EndProject
Global
	GlobalSection(SolutionConfigurationPlatforms) = preSolution
		Debug|Win32 = Debug|Win32
		Debug|x64 = Debug|x64
		Release|Win32 = Release|Win32
		Release|x64 = Release|x64
	EndGlobalSection
	GlobalSection(ProjectConfigurationPlatforms) = postSolution
		{8655D639-F234-55D5-FB4C-E0AB67ABBB36}.Debug|Win32.ActiveCfg = Debug|Win32
		{8655D639-F234-55D5-FB4C-E0AB67ABBB36}.Debug|Win32.Build.0 = Debug|Win32
		{8655D639-F234-55D5-FB4C-E0AB67ABBB36}.Debug|x64.ActiveCfg = Debug|x64
		{8655D639-F234-55D5-FB4C-E0AB67ABBB36}.Debug|x64.Build.0 = Debug|x64
		{8655D639-F234-55D5-FB4C-E0AB67ABBB36}.Release|Win32.ActiveCfg = Release|Win32
		{8655D639-F234-55D5-FB4C-E0AB67ABBB36}.Release|Win32.Build.0 = Release|Win32
		{8655D639-F234-55D5-FB4C-E0AB67ABBB36}.Release|x64.ActiveCfg = Release|x64
		{8655D639-F234-55D5-FB4C-E0AB67ABBB36}.Release|x64.Build.0 = Release|x64
		{D992648D-4548-DD82-CE3C-D7593AF1D386}.Debug|Win32.ActiveCfg = Debug|Win32
		{D992648D-4548-DD82-CE3C-D7593AF1D386}.Debug|Win32.Build.0 = Debug|Win32
		{D992648D-4548-DD82-CE3C-D7593AF1D386}.Debug|x64.ActiveCfg = Debug|x64
		{D992648D-4548-DD82-CE3C-D7593AF1D386}.Debug|x64.Build.0 = Debug|x64
		{D992648D-4548-DD82-CE3C-D7593AF1D386}.Release|Win32.ActiveCfg = Release|Win32
		{D992648D-4548-DD82-CE3C-D7593AF1D386}.Release|Win32.Build.0 = Release|Win32
		{D992648D-4548-DD82-CE3C-D7593AF1D386}.Release|x64.ActiveCfg = Release|x64
		{D992648D-4548-DD82-CE3C-D7593AF1D386}.Release|x64.Build.0 = Release|x64
		{83B5827C-6FEC-830D-18D9-691004EFFF0E}.Debug|Win32.ActiveCfg = Debug|Win32
		{83B5827C-6FEC-830D-18D9-691004EFFF0E}.Debug|Win32.Build.0 = Debug|Win32
		{83B5827C-6FEC-830D-18D9-691004EFFF0E}.Debug|x64.ActiveCfg = Debug|x64
		{83B5827C-6FEC-830D-18D9-691004EFFF0E}.Debug|x64.Build.0 = Debug|x64
		{83B5827C-6FEC-830D-18D9-691004EFFF0E}.Release|Win32.ActiveCfg = Release|Win32
		{83B5827C-6FEC-830D-18D9-691004EFFF0E}.Release|Win32.Build.0 = Release|Win32
		{83B5827C-6FEC-830D-18D9-691004EFFF0E}.Release|x64.ActiveCfg = Release|x64
		{83B5827C-6FEC-830D-18D9-691004EFFF0E}.Release|x64.Build.0 = Release|x64
		{6E1D9EA9-DA87-5220-23C6-03C68F6F3075}.Debug|Win32.ActiveCfg = Debug|Win32
		{6E1D9EA9-DA87-5220-23C6-03C68F6F3075}.Debug|Win32.Build.0 = Debug|Win32
		{6E1D9EA9-DA87-5220-23C6-03C68F6F3075}.Debug|x64.ActiveCfg = Debug|x64
		{6E1D9EA9-DA87-5220-23C6-03C68F6F3075}.Debug|x64.Build.0 = Debug|x64
		{6E1D9EA9-DA87-5220-23C6-03C68F6F3075}.Release|Win32.ActiveCfg = Release|Win32
		{6E1D9EA9-DA87-5220-23C6-03C68F6F3075}.Release|Win32.Build.0 = Release|Win32
		{6E1D9EA9-DA87-5220-23C6-03C68F6F3075}.Release|x64.ActiveCfg = Release|x64
		{6E1D9EA9-DA87-5220-23C6-03C68F6F3075}.Release|x64.Build.0 = Release|x64
	EndGlobalSection
	GlobalSection(SolutionProperties) = preSolution
		HideSolutionNode = FALSE
	EndGlobalSection
	GlobalSection(ExtensibilityGlobals) = postSolution
		SolutionGuid = {C53722B9-1B5E-4D98-90D6-B6FD2BFC5FA0}
	EndGlobalSection
EndGlobal
